
Microsoft Visual Studio Solution File, Format Version 12.00
# Visual Studio Version 16
VisualStudioVersion = 16.0.30717.126
MinimumVisualStudioVersion = 10.0.40219.1
Project("{9A19103F-16F7-4668-BE54-9A1E7A4F7556}") = "NextServer", "NextServer\NextServer.csproj", "{594858FB-6D00-4D29-902C-FDCD98DB01BD}"
EndProject
Project("{9A19103F-16F7-4668-BE54-9A1E7A4F7556}") = "Core", "Core\Core.csproj", "{16CD951D-F413-4BA8-86B3-5C378C5DD090}"
EndProject
Project("{9A19103F-16F7-4668-BE54-9A1E7A4F7556}") = "Tests.Unit", "Tests.Unit\Tests.Unit.csproj", "{65756E5D-8ADC-4D12-8548-0D690A490B81}"
EndProject
Project("{9A19103F-16F7-4668-BE54-9A1E7A4F7556}") = "Redis", "Redis\Redis.csproj", "{7968F657-E615-4BC5-A98F-AFB573467971}"
EndProject
Project("{9A19103F-16F7-4668-BE54-9A1E7A4F7556}") = "Sql", "Sql\Sql.csproj", "{968F7D86-D804-4E19-B6A2-BF029877C931}"
EndProject
Project("{9A19103F-16F7-4668-BE54-9A1E7A4F7556}") = "Tests.Integration", "Tests.Integration\Tests.Integration.csproj", "{3E6093D7-F7C4-4F6C-B7CB-065909DC9FF0}"
EndProject
Project("{9A19103F-16F7-4668-BE54-9A1E7A4F7556}") = "Configurator", "Configurator\Configurator.csproj", "{B226CF21-BC4C-4C0D-801F-6FF937250347}"
EndProject
Project("{9A19103F-16F7-4668-BE54-9A1E7A4F7556}") = "SignalR", "SignalR\SignalR.csproj", "{0AA6B616-8933-4BC6-9FA0-DD69A47C792A}"
EndProject
Project("{9A19103F-16F7-4668-BE54-9A1E7A4F7556}") = "NextClient", "NextClient\NextClient.csproj", "{6DBCB375-5836-496D-BFB2-57DB02C961B2}"
EndProject
Project("{FAE04EC0-301F-11D3-BF4B-00C04F79EFBC}") = "Services", "Services\Services.csproj", "{45687630-37D7-4BB0-A41F-18BD46206636}"
EndProject
Project("{FAE04EC0-301F-11D3-BF4B-00C04F79EFBC}") = "Tests.Common", "Tests.Common\Tests.Common.csproj", "{A9F104E4-F0E8-493F-98AB-7839693A2169}"
EndProject
Project("{FAE04EC0-301F-11D3-BF4B-00C04F79EFBC}") = "Tests.Auto", "Tests.Auto\Tests.Auto.csproj", "{7DC91AA3-CA5D-4EEE-AD84-CBD8F3D2D79B}"
EndProject
Global
	GlobalSection(SolutionConfigurationPlatforms) = preSolution
		Debug|Any CPU = Debug|Any CPU
		Release|Any CPU = Release|Any CPU
	EndGlobalSection
	GlobalSection(ProjectConfigurationPlatforms) = postSolution
		{594858FB-6D00-4D29-902C-FDCD98DB01BD}.Debug|Any CPU.ActiveCfg = Debug|Any CPU
		{594858FB-6D00-4D29-902C-FDCD98DB01BD}.Debug|Any CPU.Build.0 = Debug|Any CPU
		{594858FB-6D00-4D29-902C-FDCD98DB01BD}.Release|Any CPU.ActiveCfg = Release|Any CPU
		{594858FB-6D00-4D29-902C-FDCD98DB01BD}.Release|Any CPU.Build.0 = Release|Any CPU
		{16CD951D-F413-4BA8-86B3-5C378C5DD090}.Debug|Any CPU.ActiveCfg = Debug|Any CPU
		{16CD951D-F413-4BA8-86B3-5C378C5DD090}.Debug|Any CPU.Build.0 = Debug|Any CPU
		{16CD951D-F413-4BA8-86B3-5C378C5DD090}.Release|Any CPU.ActiveCfg = Release|Any CPU
		{16CD951D-F413-4BA8-86B3-5C378C5DD090}.Release|Any CPU.Build.0 = Release|Any CPU
		{65756E5D-8ADC-4D12-8548-0D690A490B81}.Debug|Any CPU.ActiveCfg = Debug|Any CPU
		{65756E5D-8ADC-4D12-8548-0D690A490B81}.Debug|Any CPU.Build.0 = Debug|Any CPU
		{65756E5D-8ADC-4D12-8548-0D690A490B81}.Release|Any CPU.ActiveCfg = Release|Any CPU
		{65756E5D-8ADC-4D12-8548-0D690A490B81}.Release|Any CPU.Build.0 = Release|Any CPU
		{7968F657-E615-4BC5-A98F-AFB573467971}.Debug|Any CPU.ActiveCfg = Debug|Any CPU
		{7968F657-E615-4BC5-A98F-AFB573467971}.Debug|Any CPU.Build.0 = Debug|Any CPU
		{7968F657-E615-4BC5-A98F-AFB573467971}.Release|Any CPU.ActiveCfg = Release|Any CPU
		{7968F657-E615-4BC5-A98F-AFB573467971}.Release|Any CPU.Build.0 = Release|Any CPU
		{968F7D86-D804-4E19-B6A2-BF029877C931}.Debug|Any CPU.ActiveCfg = Debug|Any CPU
		{968F7D86-D804-4E19-B6A2-BF029877C931}.Debug|Any CPU.Build.0 = Debug|Any CPU
		{968F7D86-D804-4E19-B6A2-BF029877C931}.Release|Any CPU.ActiveCfg = Release|Any CPU
		{968F7D86-D804-4E19-B6A2-BF029877C931}.Release|Any CPU.Build.0 = Release|Any CPU
		{3E6093D7-F7C4-4F6C-B7CB-065909DC9FF0}.Debug|Any CPU.ActiveCfg = Debug|Any CPU
		{3E6093D7-F7C4-4F6C-B7CB-065909DC9FF0}.Debug|Any CPU.Build.0 = Debug|Any CPU
		{3E6093D7-F7C4-4F6C-B7CB-065909DC9FF0}.Release|Any CPU.ActiveCfg = Release|Any CPU
		{3E6093D7-F7C4-4F6C-B7CB-065909DC9FF0}.Release|Any CPU.Build.0 = Release|Any CPU
		{B226CF21-BC4C-4C0D-801F-6FF937250347}.Debug|Any CPU.ActiveCfg = Debug|Any CPU
		{B226CF21-BC4C-4C0D-801F-6FF937250347}.Debug|Any CPU.Build.0 = Debug|Any CPU
		{B226CF21-BC4C-4C0D-801F-6FF937250347}.Release|Any CPU.ActiveCfg = Release|Any CPU
		{B226CF21-BC4C-4C0D-801F-6FF937250347}.Release|Any CPU.Build.0 = Release|Any CPU
		{0AA6B616-8933-4BC6-9FA0-DD69A47C792A}.Debug|Any CPU.ActiveCfg = Debug|Any CPU
		{0AA6B616-8933-4BC6-9FA0-DD69A47C792A}.Debug|Any CPU.Build.0 = Debug|Any CPU
		{0AA6B616-8933-4BC6-9FA0-DD69A47C792A}.Release|Any CPU.ActiveCfg = Release|Any CPU
		{0AA6B616-8933-4BC6-9FA0-DD69A47C792A}.Release|Any CPU.Build.0 = Release|Any CPU
		{6DBCB375-5836-496D-BFB2-57DB02C961B2}.Debug|Any CPU.ActiveCfg = Debug|Any CPU
		{6DBCB375-5836-496D-BFB2-57DB02C961B2}.Debug|Any CPU.Build.0 = Debug|Any CPU
		{6DBCB375-5836-496D-BFB2-57DB02C961B2}.Release|Any CPU.ActiveCfg = Release|Any CPU
		{6DBCB375-5836-496D-BFB2-57DB02C961B2}.Release|Any CPU.Build.0 = Release|Any CPU
		{45687630-37D7-4BB0-A41F-18BD46206636}.Debug|Any CPU.ActiveCfg = Debug|Any CPU
		{45687630-37D7-4BB0-A41F-18BD46206636}.Debug|Any CPU.Build.0 = Debug|Any CPU
		{45687630-37D7-4BB0-A41F-18BD46206636}.Release|Any CPU.ActiveCfg = Release|Any CPU
		{45687630-37D7-4BB0-A41F-18BD46206636}.Release|Any CPU.Build.0 = Release|Any CPU
		{A9F104E4-F0E8-493F-98AB-7839693A2169}.Debug|Any CPU.ActiveCfg = Debug|Any CPU
		{A9F104E4-F0E8-493F-98AB-7839693A2169}.Debug|Any CPU.Build.0 = Debug|Any CPU
		{A9F104E4-F0E8-493F-98AB-7839693A2169}.Release|Any CPU.ActiveCfg = Release|Any CPU
		{A9F104E4-F0E8-493F-98AB-7839693A2169}.Release|Any CPU.Build.0 = Release|Any CPU
		{7DC91AA3-CA5D-4EEE-AD84-CBD8F3D2D79B}.Debug|Any CPU.ActiveCfg = Debug|Any CPU
		{7DC91AA3-CA5D-4EEE-AD84-CBD8F3D2D79B}.Debug|Any CPU.Build.0 = Debug|Any CPU
		{7DC91AA3-CA5D-4EEE-AD84-CBD8F3D2D79B}.Release|Any CPU.ActiveCfg = Release|Any CPU
		{7DC91AA3-CA5D-4EEE-AD84-CBD8F3D2D79B}.Release|Any CPU.Build.0 = Release|Any CPU
	EndGlobalSection
	GlobalSection(SolutionProperties) = preSolution
		HideSolutionNode = FALSE
	EndGlobalSection
	GlobalSection(ExtensibilityGlobals) = postSolution
		SolutionGuid = {5D7F6130-51DB-4FDD-A8EA-FAB1E000C596}
	EndGlobalSection
EndGlobal
